// !$*UTF8*$!
{
	archiveVersion = 1;
	classes = {
	};
	objectVersion = 48;
	objects = {

/* Begin PBXBuildFile section */
		0F10544C1FC8782500EA9E42 /* LCUser.swift in Sources */ = {isa = PBXBuildFile; fileRef = 0F10544B1FC8782500EA9E42 /* LCUser.swift */; };
		0F11D6D81FC1335B00933F52 /* Extensions.swift in Sources */ = {isa = PBXBuildFile; fileRef = 0F11D6D71FC1335B00933F52 /* Extensions.swift */; };
		0F1C967D1FD5CECA0099513B /* LanguageTranslatorV2.framework in Frameworks */ = {isa = PBXBuildFile; fileRef = 0F1C967C1FD5CECA0099513B /* LanguageTranslatorV2.framework */; };
		0F1C96801FD5DBC20099513B /* LCTranslator.swift in Sources */ = {isa = PBXBuildFile; fileRef = 0F1C967F1FD5DBC20099513B /* LCTranslator.swift */; };
		0F3C3D731FCB28C700DB180D /* UserCell.swift in Sources */ = {isa = PBXBuildFile; fileRef = 0F3C3D721FCB28C700DB180D /* UserCell.swift */; };
		0F58B3BF1FC154A200CE3EF0 /* RegisterController.swift in Sources */ = {isa = PBXBuildFile; fileRef = 0F58B3BE1FC154A200CE3EF0 /* RegisterController.swift */; };
		0F835FBD1FC56B7800F52AD6 /* Message.swift in Sources */ = {isa = PBXBuildFile; fileRef = 0F835FBC1FC56B7800F52AD6 /* Message.swift */; };
		0F85075E1FC21E42000708EE /* ChatLogController.swift in Sources */ = {isa = PBXBuildFile; fileRef = 0F85075D1FC21E42000708EE /* ChatLogController.swift */; };
		0F8507631FC24E1F000708EE /* ChatMessageCell.swift in Sources */ = {isa = PBXBuildFile; fileRef = 0F8507621FC24E1F000708EE /* ChatMessageCell.swift */; };
		0F9CD7491FCA9A1200F63165 /* Constants.swift in Sources */ = {isa = PBXBuildFile; fileRef = 0F9CD7481FCA9A1200F63165 /* Constants.swift */; };
		0FD32D711FC4568E00542474 /* Assets.xcassets in Resources */ = {isa = PBXBuildFile; fileRef = 0FD32D701FC4568E00542474 /* Assets.xcassets */; };
		0FD32D731FC47B8A00542474 /* MessagesController.swift in Sources */ = {isa = PBXBuildFile; fileRef = 0FD32D721FC47B8A00542474 /* MessagesController.swift */; };
		0FEA73351FC1153F005EB6CD /* AppDelegate.swift in Sources */ = {isa = PBXBuildFile; fileRef = 0FEA73341FC1153F005EB6CD /* AppDelegate.swift */; };
		0FEA73371FC1153F005EB6CD /* LoginController.swift in Sources */ = {isa = PBXBuildFile; fileRef = 0FEA73361FC1153F005EB6CD /* LoginController.swift */; };
		0FEA733A1FC1153F005EB6CD /* Main.storyboard in Resources */ = {isa = PBXBuildFile; fileRef = 0FEA73381FC1153F005EB6CD /* Main.storyboard */; };
		0FEA733F1FC1153F005EB6CD /* LaunchScreen.storyboard in Resources */ = {isa = PBXBuildFile; fileRef = 0FEA733D1FC1153F005EB6CD /* LaunchScreen.storyboard */; };
		0FEA734A1FC1153F005EB6CD /* LingoChatTests.swift in Sources */ = {isa = PBXBuildFile; fileRef = 0FEA73491FC1153F005EB6CD /* LingoChatTests.swift */; };
		0FEA73551FC1153F005EB6CD /* LingoChatUITests.swift in Sources */ = {isa = PBXBuildFile; fileRef = 0FEA73541FC1153F005EB6CD /* LingoChatUITests.swift */; };
		0FEA73631FC1167E005EB6CD /* GoogleService-Info.plist in Resources */ = {isa = PBXBuildFile; fileRef = 0FEA73621FC1167E005EB6CD /* GoogleService-Info.plist */; };
		0FEA73651FC116A3005EB6CD /* GoogleService-Info.plist in Resources */ = {isa = PBXBuildFile; fileRef = 0FEA73641FC116A3005EB6CD /* GoogleService-Info.plist */; };
		0FEA73671FC116A9005EB6CD /* GoogleService-Info.plist in Resources */ = {isa = PBXBuildFile; fileRef = 0FEA73661FC116A9005EB6CD /* GoogleService-Info.plist */; };
		0FFCF2FC1FD9AEAE00F00A3C /* DetailViewController.swift in Sources */ = {isa = PBXBuildFile; fileRef = 0FFCF2FB1FD9AEAE00F00A3C /* DetailViewController.swift */; };
		0FFCF2FF1FD9B85D00F00A3C /* DimmingPresentationController.swift in Sources */ = {isa = PBXBuildFile; fileRef = 0FFCF2FE1FD9B85D00F00A3C /* DimmingPresentationController.swift */; };
		0FFCF3011FD9BFB500F00A3C /* GradientView.swift in Sources */ = {isa = PBXBuildFile; fileRef = 0FFCF3001FD9BFB500F00A3C /* GradientView.swift */; };
		0FFCF3041FD9C14300F00A3C /* BounceAnimationController.swift in Sources */ = {isa = PBXBuildFile; fileRef = 0FFCF3031FD9C14300F00A3C /* BounceAnimationController.swift */; };
		0FFCF3061FD9C24000F00A3C /* SlideOutAnimationController.swift in Sources */ = {isa = PBXBuildFile; fileRef = 0FFCF3051FD9C24000F00A3C /* SlideOutAnimationController.swift */; };
		3A0E47DA1657CC8CB50583CE /* Pods_LingoChatUITests.framework in Frameworks */ = {isa = PBXBuildFile; fileRef = AF2595F589637823650F7B9B /* Pods_LingoChatUITests.framework */; };
		473A4A140568C3A7FEDDFBE6 /* Pods_LingoChat.framework in Frameworks */ = {isa = PBXBuildFile; fileRef = E20A891632A8E7B382738FC1 /* Pods_LingoChat.framework */; };
		A07920870E484D510D258852 /* Pods_LingoChatTests.framework in Frameworks */ = {isa = PBXBuildFile; fileRef = 8D30FF1467A8C812AFC1A434 /* Pods_LingoChatTests.framework */; };
/* End PBXBuildFile section */

/* Begin PBXContainerItemProxy section */
		0FEA73461FC1153F005EB6CD /* PBXContainerItemProxy */ = {
			isa = PBXContainerItemProxy;
			containerPortal = 0FEA73291FC1153F005EB6CD /* Project object */;
			proxyType = 1;
			remoteGlobalIDString = 0FEA73301FC1153F005EB6CD;
			remoteInfo = LingoChat;
		};
		0FEA73511FC1153F005EB6CD /* PBXContainerItemProxy */ = {
			isa = PBXContainerItemProxy;
			containerPortal = 0FEA73291FC1153F005EB6CD /* Project object */;
			proxyType = 1;
			remoteGlobalIDString = 0FEA73301FC1153F005EB6CD;
			remoteInfo = LingoChat;
		};
/* End PBXContainerItemProxy section */

/* Begin PBXFileReference section */
		0F10544B1FC8782500EA9E42 /* LCUser.swift */ = {isa = PBXFileReference; lastKnownFileType = sourcecode.swift; path = LCUser.swift; sourceTree = "<group>"; };
		0F11D6D71FC1335B00933F52 /* Extensions.swift */ = {isa = PBXFileReference; lastKnownFileType = sourcecode.swift; path = Extensions.swift; sourceTree = "<group>"; };
		0F1C967C1FD5CECA0099513B /* LanguageTranslatorV2.framework */ = {isa = PBXFileReference; lastKnownFileType = wrapper.framework; name = LanguageTranslatorV2.framework; path = Carthage/Build/iOS/LanguageTranslatorV2.framework; sourceTree = "<group>"; };
		0F1C967F1FD5DBC20099513B /* LCTranslator.swift */ = {isa = PBXFileReference; lastKnownFileType = sourcecode.swift; path = LCTranslator.swift; sourceTree = "<group>"; };
		0F3C3D721FCB28C700DB180D /* UserCell.swift */ = {isa = PBXFileReference; lastKnownFileType = sourcecode.swift; path = UserCell.swift; sourceTree = "<group>"; };
		0F58B3BE1FC154A200CE3EF0 /* RegisterController.swift */ = {isa = PBXFileReference; lastKnownFileType = sourcecode.swift; path = RegisterController.swift; sourceTree = "<group>"; };
		0F835FBC1FC56B7800F52AD6 /* Message.swift */ = {isa = PBXFileReference; lastKnownFileType = sourcecode.swift; path = Message.swift; sourceTree = "<group>"; };
		0F85075D1FC21E42000708EE /* ChatLogController.swift */ = {isa = PBXFileReference; lastKnownFileType = sourcecode.swift; path = ChatLogController.swift; sourceTree = "<group>"; };
		0F8507621FC24E1F000708EE /* ChatMessageCell.swift */ = {isa = PBXFileReference; lastKnownFileType = sourcecode.swift; path = ChatMessageCell.swift; sourceTree = "<group>"; };
		0F9CD7481FCA9A1200F63165 /* Constants.swift */ = {isa = PBXFileReference; lastKnownFileType = sourcecode.swift; path = Constants.swift; sourceTree = "<group>"; };
		0FD32D701FC4568E00542474 /* Assets.xcassets */ = {isa = PBXFileReference; lastKnownFileType = folder.assetcatalog; path = Assets.xcassets; sourceTree = "<group>"; };
		0FD32D721FC47B8A00542474 /* MessagesController.swift */ = {isa = PBXFileReference; lastKnownFileType = sourcecode.swift; path = MessagesController.swift; sourceTree = "<group>"; };
		0FEA73311FC1153F005EB6CD /* LingoChat.app */ = {isa = PBXFileReference; explicitFileType = wrapper.application; includeInIndex = 0; path = LingoChat.app; sourceTree = BUILT_PRODUCTS_DIR; };
		0FEA73341FC1153F005EB6CD /* AppDelegate.swift */ = {isa = PBXFileReference; lastKnownFileType = sourcecode.swift; path = AppDelegate.swift; sourceTree = "<group>"; };
		0FEA73361FC1153F005EB6CD /* LoginController.swift */ = {isa = PBXFileReference; lastKnownFileType = sourcecode.swift; path = LoginController.swift; sourceTree = "<group>"; };
		0FEA73391FC1153F005EB6CD /* Base */ = {isa = PBXFileReference; lastKnownFileType = file.storyboard; name = Base; path = Base.lproj/Main.storyboard; sourceTree = "<group>"; };
		0FEA733E1FC1153F005EB6CD /* Base */ = {isa = PBXFileReference; lastKnownFileType = file.storyboard; name = Base; path = Base.lproj/LaunchScreen.storyboard; sourceTree = "<group>"; };
		0FEA73401FC1153F005EB6CD /* Info.plist */ = {isa = PBXFileReference; lastKnownFileType = text.plist.xml; path = Info.plist; sourceTree = "<group>"; };
		0FEA73451FC1153F005EB6CD /* LingoChatTests.xctest */ = {isa = PBXFileReference; explicitFileType = wrapper.cfbundle; includeInIndex = 0; path = LingoChatTests.xctest; sourceTree = BUILT_PRODUCTS_DIR; };
		0FEA73491FC1153F005EB6CD /* LingoChatTests.swift */ = {isa = PBXFileReference; lastKnownFileType = sourcecode.swift; path = LingoChatTests.swift; sourceTree = "<group>"; };
		0FEA734B1FC1153F005EB6CD /* Info.plist */ = {isa = PBXFileReference; lastKnownFileType = text.plist.xml; path = Info.plist; sourceTree = "<group>"; };
		0FEA73501FC1153F005EB6CD /* LingoChatUITests.xctest */ = {isa = PBXFileReference; explicitFileType = wrapper.cfbundle; includeInIndex = 0; path = LingoChatUITests.xctest; sourceTree = BUILT_PRODUCTS_DIR; };
		0FEA73541FC1153F005EB6CD /* LingoChatUITests.swift */ = {isa = PBXFileReference; lastKnownFileType = sourcecode.swift; path = LingoChatUITests.swift; sourceTree = "<group>"; };
		0FEA73561FC1153F005EB6CD /* Info.plist */ = {isa = PBXFileReference; lastKnownFileType = text.plist.xml; path = Info.plist; sourceTree = "<group>"; };
		0FEA73621FC1167E005EB6CD /* GoogleService-Info.plist */ = {isa = PBXFileReference; fileEncoding = 4; lastKnownFileType = text.plist.xml; path = "GoogleService-Info.plist"; sourceTree = "<group>"; };
		0FEA73641FC116A3005EB6CD /* GoogleService-Info.plist */ = {isa = PBXFileReference; fileEncoding = 4; lastKnownFileType = text.plist.xml; path = "GoogleService-Info.plist"; sourceTree = "<group>"; };
		0FEA73661FC116A9005EB6CD /* GoogleService-Info.plist */ = {isa = PBXFileReference; fileEncoding = 4; lastKnownFileType = text.plist.xml; path = "GoogleService-Info.plist"; sourceTree = "<group>"; };
		0FFCF2FB1FD9AEAE00F00A3C /* DetailViewController.swift */ = {isa = PBXFileReference; lastKnownFileType = sourcecode.swift; path = DetailViewController.swift; sourceTree = "<group>"; };
		0FFCF2FE1FD9B85D00F00A3C /* DimmingPresentationController.swift */ = {isa = PBXFileReference; lastKnownFileType = sourcecode.swift; path = DimmingPresentationController.swift; sourceTree = "<group>"; };
		0FFCF3001FD9BFB500F00A3C /* GradientView.swift */ = {isa = PBXFileReference; lastKnownFileType = sourcecode.swift; path = GradientView.swift; sourceTree = "<group>"; };
		0FFCF3031FD9C14300F00A3C /* BounceAnimationController.swift */ = {isa = PBXFileReference; lastKnownFileType = sourcecode.swift; path = BounceAnimationController.swift; sourceTree = "<group>"; };
		0FFCF3051FD9C24000F00A3C /* SlideOutAnimationController.swift */ = {isa = PBXFileReference; lastKnownFileType = sourcecode.swift; path = SlideOutAnimationController.swift; sourceTree = "<group>"; };
		30495E64AA295542667C0574 /* Pods-LingoChat.release.xcconfig */ = {isa = PBXFileReference; includeInIndex = 1; lastKnownFileType = text.xcconfig; name = "Pods-LingoChat.release.xcconfig"; path = "Pods/Target Support Files/Pods-LingoChat/Pods-LingoChat.release.xcconfig"; sourceTree = "<group>"; };
		6EFD37CD854C76CB025DB273 /* Pods-LingoChatUITests.debug.xcconfig */ = {isa = PBXFileReference; includeInIndex = 1; lastKnownFileType = text.xcconfig; name = "Pods-LingoChatUITests.debug.xcconfig"; path = "Pods/Target Support Files/Pods-LingoChatUITests/Pods-LingoChatUITests.debug.xcconfig"; sourceTree = "<group>"; };
		8D30FF1467A8C812AFC1A434 /* Pods_LingoChatTests.framework */ = {isa = PBXFileReference; explicitFileType = wrapper.framework; includeInIndex = 0; path = Pods_LingoChatTests.framework; sourceTree = BUILT_PRODUCTS_DIR; };
		A7B2F5DAFE972F9E66442874 /* Pods-LingoChat.debug.xcconfig */ = {isa = PBXFileReference; includeInIndex = 1; lastKnownFileType = text.xcconfig; name = "Pods-LingoChat.debug.xcconfig"; path = "Pods/Target Support Files/Pods-LingoChat/Pods-LingoChat.debug.xcconfig"; sourceTree = "<group>"; };
		AF2595F589637823650F7B9B /* Pods_LingoChatUITests.framework */ = {isa = PBXFileReference; explicitFileType = wrapper.framework; includeInIndex = 0; path = Pods_LingoChatUITests.framework; sourceTree = BUILT_PRODUCTS_DIR; };
		C9A50281BDDF8764B2012D2A /* Pods-LingoChatTests.release.xcconfig */ = {isa = PBXFileReference; includeInIndex = 1; lastKnownFileType = text.xcconfig; name = "Pods-LingoChatTests.release.xcconfig"; path = "Pods/Target Support Files/Pods-LingoChatTests/Pods-LingoChatTests.release.xcconfig"; sourceTree = "<group>"; };
		E20A891632A8E7B382738FC1 /* Pods_LingoChat.framework */ = {isa = PBXFileReference; explicitFileType = wrapper.framework; includeInIndex = 0; path = Pods_LingoChat.framework; sourceTree = BUILT_PRODUCTS_DIR; };
		ECB1E1D913702203864399DC /* Pods-LingoChatUITests.release.xcconfig */ = {isa = PBXFileReference; includeInIndex = 1; lastKnownFileType = text.xcconfig; name = "Pods-LingoChatUITests.release.xcconfig"; path = "Pods/Target Support Files/Pods-LingoChatUITests/Pods-LingoChatUITests.release.xcconfig"; sourceTree = "<group>"; };
		FA3D1C1C7F9133839306759F /* Pods-LingoChatTests.debug.xcconfig */ = {isa = PBXFileReference; includeInIndex = 1; lastKnownFileType = text.xcconfig; name = "Pods-LingoChatTests.debug.xcconfig"; path = "Pods/Target Support Files/Pods-LingoChatTests/Pods-LingoChatTests.debug.xcconfig"; sourceTree = "<group>"; };
/* End PBXFileReference section */

/* Begin PBXFrameworksBuildPhase section */
		0FEA732E1FC1153F005EB6CD /* Frameworks */ = {
			isa = PBXFrameworksBuildPhase;
			buildActionMask = 2147483647;
			files = (
				473A4A140568C3A7FEDDFBE6 /* Pods_LingoChat.framework in Frameworks */,
				0F1C967D1FD5CECA0099513B /* LanguageTranslatorV2.framework in Frameworks */,
			);
			runOnlyForDeploymentPostprocessing = 0;
		};
		0FEA73421FC1153F005EB6CD /* Frameworks */ = {
			isa = PBXFrameworksBuildPhase;
			buildActionMask = 2147483647;
			files = (
				A07920870E484D510D258852 /* Pods_LingoChatTests.framework in Frameworks */,
			);
			runOnlyForDeploymentPostprocessing = 0;
		};
		0FEA734D1FC1153F005EB6CD /* Frameworks */ = {
			isa = PBXFrameworksBuildPhase;
			buildActionMask = 2147483647;
			files = (
				3A0E47DA1657CC8CB50583CE /* Pods_LingoChatUITests.framework in Frameworks */,
			);
			runOnlyForDeploymentPostprocessing = 0;
		};
/* End PBXFrameworksBuildPhase section */

/* Begin PBXGroup section */
		0F11D6D61FC1334F00933F52 /* Helpers */ = {
			isa = PBXGroup;
			children = (
				0F11D6D71FC1335B00933F52 /* Extensions.swift */,
				0F9CD7481FCA9A1200F63165 /* Constants.swift */,
			);
			path = Helpers;
			sourceTree = "<group>";
		};
		0F4667501FC1186E00281DAA /* Controllers */ = {
			isa = PBXGroup;
			children = (
				0FFCF2FD1FD9B83A00F00A3C /* Presentation Controllers */,
				0FEA73361FC1153F005EB6CD /* LoginController.swift */,
				0F58B3BE1FC154A200CE3EF0 /* RegisterController.swift */,
				0F85075D1FC21E42000708EE /* ChatLogController.swift */,
				0FD32D721FC47B8A00542474 /* MessagesController.swift */,
				0FFCF2FB1FD9AEAE00F00A3C /* DetailViewController.swift */,
			);
			path = Controllers;
			sourceTree = "<group>";
		};
		0F835FBB1FC56B4C00F52AD6 /* Models */ = {
			isa = PBXGroup;
			children = (
				0F835FBC1FC56B7800F52AD6 /* Message.swift */,
				0F10544B1FC8782500EA9E42 /* LCUser.swift */,
				0F1C967F1FD5DBC20099513B /* LCTranslator.swift */,
			);
			path = Models;
			sourceTree = "<group>";
		};
		0F8507611FC24CF5000708EE /* Views */ = {
			isa = PBXGroup;
			children = (
				0F8507621FC24E1F000708EE /* ChatMessageCell.swift */,
				0F3C3D721FCB28C700DB180D /* UserCell.swift */,
				0FFCF3001FD9BFB500F00A3C /* GradientView.swift */,
			);
			path = Views;
			sourceTree = "<group>";
		};
		0FEA73281FC1153F005EB6CD = {
			isa = PBXGroup;
			children = (
				0FEA73331FC1153F005EB6CD /* LingoChat */,
				0FEA73481FC1153F005EB6CD /* LingoChatTests */,
				0FEA73531FC1153F005EB6CD /* LingoChatUITests */,
				0FEA73321FC1153F005EB6CD /* Products */,
				ECC11A23A2D3C0C4CB840AE0 /* Pods */,
				2EC45EB4A27E441F6A3FC638 /* Frameworks */,
			);
			sourceTree = "<group>";
		};
		0FEA73321FC1153F005EB6CD /* Products */ = {
			isa = PBXGroup;
			children = (
				0FEA73311FC1153F005EB6CD /* LingoChat.app */,
				0FEA73451FC1153F005EB6CD /* LingoChatTests.xctest */,
				0FEA73501FC1153F005EB6CD /* LingoChatUITests.xctest */,
			);
			name = Products;
			sourceTree = "<group>";
		};
		0FEA73331FC1153F005EB6CD /* LingoChat */ = {
			isa = PBXGroup;
			children = (
				0FFCF3021FD9C12200F00A3C /* Animations */,
				0F835FBB1FC56B4C00F52AD6 /* Models */,
				0F8507611FC24CF5000708EE /* Views */,
				0F11D6D61FC1334F00933F52 /* Helpers */,
				0F4667501FC1186E00281DAA /* Controllers */,
				0FEA73341FC1153F005EB6CD /* AppDelegate.swift */,
				0FEA73381FC1153F005EB6CD /* Main.storyboard */,
				0FEA733D1FC1153F005EB6CD /* LaunchScreen.storyboard */,
				0FEA73401FC1153F005EB6CD /* Info.plist */,
				0FEA73621FC1167E005EB6CD /* GoogleService-Info.plist */,
				0FD32D701FC4568E00542474 /* Assets.xcassets */,
			);
			path = LingoChat;
			sourceTree = "<group>";
		};
		0FEA73481FC1153F005EB6CD /* LingoChatTests */ = {
			isa = PBXGroup;
			children = (
				0FEA73491FC1153F005EB6CD /* LingoChatTests.swift */,
				0FEA734B1FC1153F005EB6CD /* Info.plist */,
				0FEA73641FC116A3005EB6CD /* GoogleService-Info.plist */,
			);
			path = LingoChatTests;
			sourceTree = "<group>";
		};
		0FEA73531FC1153F005EB6CD /* LingoChatUITests */ = {
			isa = PBXGroup;
			children = (
				0FEA73541FC1153F005EB6CD /* LingoChatUITests.swift */,
				0FEA73561FC1153F005EB6CD /* Info.plist */,
				0FEA73661FC116A9005EB6CD /* GoogleService-Info.plist */,
			);
			path = LingoChatUITests;
			sourceTree = "<group>";
		};
		0FFCF2FD1FD9B83A00F00A3C /* Presentation Controllers */ = {
			isa = PBXGroup;
			children = (
				0FFCF2FE1FD9B85D00F00A3C /* DimmingPresentationController.swift */,
			);
			path = "Presentation Controllers";
			sourceTree = "<group>";
		};
		0FFCF3021FD9C12200F00A3C /* Animations */ = {
			isa = PBXGroup;
			children = (
				0FFCF3031FD9C14300F00A3C /* BounceAnimationController.swift */,
				0FFCF3051FD9C24000F00A3C /* SlideOutAnimationController.swift */,
			);
			path = Animations;
			sourceTree = "<group>";
		};
		2EC45EB4A27E441F6A3FC638 /* Frameworks */ = {
			isa = PBXGroup;
			children = (
				0F1C967C1FD5CECA0099513B /* LanguageTranslatorV2.framework */,
				E20A891632A8E7B382738FC1 /* Pods_LingoChat.framework */,
				8D30FF1467A8C812AFC1A434 /* Pods_LingoChatTests.framework */,
				AF2595F589637823650F7B9B /* Pods_LingoChatUITests.framework */,
			);
			name = Frameworks;
			sourceTree = "<group>";
		};
		ECC11A23A2D3C0C4CB840AE0 /* Pods */ = {
			isa = PBXGroup;
			children = (
				A7B2F5DAFE972F9E66442874 /* Pods-LingoChat.debug.xcconfig */,
				30495E64AA295542667C0574 /* Pods-LingoChat.release.xcconfig */,
				FA3D1C1C7F9133839306759F /* Pods-LingoChatTests.debug.xcconfig */,
				C9A50281BDDF8764B2012D2A /* Pods-LingoChatTests.release.xcconfig */,
				6EFD37CD854C76CB025DB273 /* Pods-LingoChatUITests.debug.xcconfig */,
				ECB1E1D913702203864399DC /* Pods-LingoChatUITests.release.xcconfig */,
			);
			name = Pods;
			sourceTree = "<group>";
		};
/* End PBXGroup section */

/* Begin PBXNativeTarget section */
		0FEA73301FC1153F005EB6CD /* LingoChat */ = {
			isa = PBXNativeTarget;
			buildConfigurationList = 0FEA73591FC1153F005EB6CD /* Build configuration list for PBXNativeTarget "LingoChat" */;
			buildPhases = (
				DDAD4F9889B5A52BEAF75905 /* [CP] Check Pods Manifest.lock */,
				0FEA732D1FC1153F005EB6CD /* Sources */,
				0FEA732E1FC1153F005EB6CD /* Frameworks */,
				0FEA732F1FC1153F005EB6CD /* Resources */,
				5D2E46DB3996D2E10D565899 /* [CP] Embed Pods Frameworks */,
				1C8941B49A4E62EF792E4E9D /* [CP] Copy Pods Resources */,
				0F1C967E1FD5CF010099513B /* ShellScript */,
			);
			buildRules = (
			);
			dependencies = (
			);
			name = LingoChat;
			productName = LingoChat;
			productReference = 0FEA73311FC1153F005EB6CD /* LingoChat.app */;
			productType = "com.apple.product-type.application";
		};
		0FEA73441FC1153F005EB6CD /* LingoChatTests */ = {
			isa = PBXNativeTarget;
			buildConfigurationList = 0FEA735C1FC1153F005EB6CD /* Build configuration list for PBXNativeTarget "LingoChatTests" */;
			buildPhases = (
				7D614D872989F5F4CA446157 /* [CP] Check Pods Manifest.lock */,
				0FEA73411FC1153F005EB6CD /* Sources */,
				0FEA73421FC1153F005EB6CD /* Frameworks */,
				0FEA73431FC1153F005EB6CD /* Resources */,
				9A626802EC24B6964EB7E0E4 /* [CP] Embed Pods Frameworks */,
				4F6C68DCE6402E85027FABE6 /* [CP] Copy Pods Resources */,
			);
			buildRules = (
			);
			dependencies = (
				0FEA73471FC1153F005EB6CD /* PBXTargetDependency */,
			);
			name = LingoChatTests;
			productName = LingoChatTests;
			productReference = 0FEA73451FC1153F005EB6CD /* LingoChatTests.xctest */;
			productType = "com.apple.product-type.bundle.unit-test";
		};
		0FEA734F1FC1153F005EB6CD /* LingoChatUITests */ = {
			isa = PBXNativeTarget;
			buildConfigurationList = 0FEA735F1FC1153F005EB6CD /* Build configuration list for PBXNativeTarget "LingoChatUITests" */;
			buildPhases = (
				1DC3BC6A5FFDED0E8170572E /* [CP] Check Pods Manifest.lock */,
				0FEA734C1FC1153F005EB6CD /* Sources */,
				0FEA734D1FC1153F005EB6CD /* Frameworks */,
				0FEA734E1FC1153F005EB6CD /* Resources */,
				E9F67F79159DC0610194C3C0 /* [CP] Embed Pods Frameworks */,
				A9A8D00DF5B6230D1DC81243 /* [CP] Copy Pods Resources */,
			);
			buildRules = (
			);
			dependencies = (
				0FEA73521FC1153F005EB6CD /* PBXTargetDependency */,
			);
			name = LingoChatUITests;
			productName = LingoChatUITests;
			productReference = 0FEA73501FC1153F005EB6CD /* LingoChatUITests.xctest */;
			productType = "com.apple.product-type.bundle.ui-testing";
		};
/* End PBXNativeTarget section */

/* Begin PBXProject section */
		0FEA73291FC1153F005EB6CD /* Project object */ = {
			isa = PBXProject;
			attributes = {
				LastSwiftUpdateCheck = 0910;
				LastUpgradeCheck = 0910;
				ORGANIZATIONNAME = "Dorde Ljubinkovic";
				TargetAttributes = {
					0FEA73301FC1153F005EB6CD = {
						CreatedOnToolsVersion = 9.1;
						ProvisioningStyle = Automatic;
					};
					0FEA73441FC1153F005EB6CD = {
						CreatedOnToolsVersion = 9.1;
						ProvisioningStyle = Automatic;
						TestTargetID = 0FEA73301FC1153F005EB6CD;
					};
					0FEA734F1FC1153F005EB6CD = {
						CreatedOnToolsVersion = 9.1;
						ProvisioningStyle = Automatic;
						TestTargetID = 0FEA73301FC1153F005EB6CD;
					};
				};
			};
			buildConfigurationList = 0FEA732C1FC1153F005EB6CD /* Build configuration list for PBXProject "LingoChat" */;
			compatibilityVersion = "Xcode 8.0";
			developmentRegion = en;
			hasScannedForEncodings = 0;
			knownRegions = (
				en,
				Base,
			);
			mainGroup = 0FEA73281FC1153F005EB6CD;
			productRefGroup = 0FEA73321FC1153F005EB6CD /* Products */;
			projectDirPath = "";
			projectRoot = "";
			targets = (
				0FEA73301FC1153F005EB6CD /* LingoChat */,
				0FEA73441FC1153F005EB6CD /* LingoChatTests */,
				0FEA734F1FC1153F005EB6CD /* LingoChatUITests */,
			);
		};
/* End PBXProject section */

/* Begin PBXResourcesBuildPhase section */
		0FEA732F1FC1153F005EB6CD /* Resources */ = {
			isa = PBXResourcesBuildPhase;
			buildActionMask = 2147483647;
			files = (
				0FEA733F1FC1153F005EB6CD /* LaunchScreen.storyboard in Resources */,
				0FEA73631FC1167E005EB6CD /* GoogleService-Info.plist in Resources */,
				0FD32D711FC4568E00542474 /* Assets.xcassets in Resources */,
				0FEA733A1FC1153F005EB6CD /* Main.storyboard in Resources */,
			);
			runOnlyForDeploymentPostprocessing = 0;
		};
		0FEA73431FC1153F005EB6CD /* Resources */ = {
			isa = PBXResourcesBuildPhase;
			buildActionMask = 2147483647;
			files = (
				0FEA73651FC116A3005EB6CD /* GoogleService-Info.plist in Resources */,
			);
			runOnlyForDeploymentPostprocessing = 0;
		};
		0FEA734E1FC1153F005EB6CD /* Resources */ = {
			isa = PBXResourcesBuildPhase;
			buildActionMask = 2147483647;
			files = (
				0FEA73671FC116A9005EB6CD /* GoogleService-Info.plist in Resources */,
			);
			runOnlyForDeploymentPostprocessing = 0;
		};
/* End PBXResourcesBuildPhase section */

/* Begin PBXShellScriptBuildPhase section */
		0F1C967E1FD5CF010099513B /* ShellScript */ = {
			isa = PBXShellScriptBuildPhase;
			buildActionMask = 2147483647;
			files = (
			);
			inputPaths = (
				"$(SRCROOT)/Carthage/Build/iOS/LanguageTranslatorV2.framework",
			);
			outputPaths = (
			);
			runOnlyForDeploymentPostprocessing = 0;
			shellPath = /bin/sh;
			shellScript = "/usr/local/bin/carthage copy-frameworks";
		};
		1C8941B49A4E62EF792E4E9D /* [CP] Copy Pods Resources */ = {
			isa = PBXShellScriptBuildPhase;
			buildActionMask = 2147483647;
			files = (
			);
			inputPaths = (
			);
			name = "[CP] Copy Pods Resources";
			outputPaths = (
			);
			runOnlyForDeploymentPostprocessing = 0;
			shellPath = /bin/sh;
			shellScript = "\"${SRCROOT}/Pods/Target Support Files/Pods-LingoChat/Pods-LingoChat-resources.sh\"\n";
			showEnvVarsInLog = 0;
		};
		1DC3BC6A5FFDED0E8170572E /* [CP] Check Pods Manifest.lock */ = {
			isa = PBXShellScriptBuildPhase;
			buildActionMask = 2147483647;
			files = (
			);
			inputPaths = (
				"${PODS_PODFILE_DIR_PATH}/Podfile.lock",
				"${PODS_ROOT}/Manifest.lock",
			);
			name = "[CP] Check Pods Manifest.lock";
			outputPaths = (
				"$(DERIVED_FILE_DIR)/Pods-LingoChatUITests-checkManifestLockResult.txt",
			);
			runOnlyForDeploymentPostprocessing = 0;
			shellPath = /bin/sh;
			shellScript = "diff \"${PODS_PODFILE_DIR_PATH}/Podfile.lock\" \"${PODS_ROOT}/Manifest.lock\" > /dev/null\nif [ $? != 0 ] ; then\n    # print error to STDERR\n    echo \"error: The sandbox is not in sync with the Podfile.lock. Run 'pod install' or update your CocoaPods installation.\" >&2\n    exit 1\nfi\n# This output is used by Xcode 'outputs' to avoid re-running this script phase.\necho \"SUCCESS\" > \"${SCRIPT_OUTPUT_FILE_0}\"\n";
			showEnvVarsInLog = 0;
		};
		4F6C68DCE6402E85027FABE6 /* [CP] Copy Pods Resources */ = {
			isa = PBXShellScriptBuildPhase;
			buildActionMask = 2147483647;
			files = (
			);
			inputPaths = (
			);
			name = "[CP] Copy Pods Resources";
			outputPaths = (
			);
			runOnlyForDeploymentPostprocessing = 0;
			shellPath = /bin/sh;
			shellScript = "\"${SRCROOT}/Pods/Target Support Files/Pods-LingoChatTests/Pods-LingoChatTests-resources.sh\"\n";
			showEnvVarsInLog = 0;
		};
		5D2E46DB3996D2E10D565899 /* [CP] Embed Pods Frameworks */ = {
			isa = PBXShellScriptBuildPhase;
			buildActionMask = 2147483647;
			files = (
			);
			inputPaths = (
				"${SRCROOT}/Pods/Target Support Files/Pods-LingoChat/Pods-LingoChat-frameworks.sh",
				"${BUILT_PRODUCTS_DIR}/GTMSessionFetcher/GTMSessionFetcher.framework",
				"${BUILT_PRODUCTS_DIR}/GoogleToolboxForMac/GoogleToolboxForMac.framework",
				"${BUILT_PRODUCTS_DIR}/leveldb-library/leveldb.framework",
				"${BUILT_PRODUCTS_DIR}/nanopb/nanopb.framework",
			);
			name = "[CP] Embed Pods Frameworks";
			outputPaths = (
				"${TARGET_BUILD_DIR}/${FRAMEWORKS_FOLDER_PATH}/GTMSessionFetcher.framework",
				"${TARGET_BUILD_DIR}/${FRAMEWORKS_FOLDER_PATH}/GoogleToolboxForMac.framework",
				"${TARGET_BUILD_DIR}/${FRAMEWORKS_FOLDER_PATH}/leveldb.framework",
				"${TARGET_BUILD_DIR}/${FRAMEWORKS_FOLDER_PATH}/nanopb.framework",
			);
			runOnlyForDeploymentPostprocessing = 0;
			shellPath = /bin/sh;
			shellScript = "\"${SRCROOT}/Pods/Target Support Files/Pods-LingoChat/Pods-LingoChat-frameworks.sh\"\n";
			showEnvVarsInLog = 0;
		};
		7D614D872989F5F4CA446157 /* [CP] Check Pods Manifest.lock */ = {
			isa = PBXShellScriptBuildPhase;
			buildActionMask = 2147483647;
			files = (
			);
			inputPaths = (
				"${PODS_PODFILE_DIR_PATH}/Podfile.lock",
				"${PODS_ROOT}/Manifest.lock",
			);
			name = "[CP] Check Pods Manifest.lock";
			outputPaths = (
				"$(DERIVED_FILE_DIR)/Pods-LingoChatTests-checkManifestLockResult.txt",
			);
			runOnlyForDeploymentPostprocessing = 0;
			shellPath = /bin/sh;
			shellScript = "diff \"${PODS_PODFILE_DIR_PATH}/Podfile.lock\" \"${PODS_ROOT}/Manifest.lock\" > /dev/null\nif [ $? != 0 ] ; then\n    # print error to STDERR\n    echo \"error: The sandbox is not in sync with the Podfile.lock. Run 'pod install' or update your CocoaPods installation.\" >&2\n    exit 1\nfi\n# This output is used by Xcode 'outputs' to avoid re-running this script phase.\necho \"SUCCESS\" > \"${SCRIPT_OUTPUT_FILE_0}\"\n";
			showEnvVarsInLog = 0;
		};
		9A626802EC24B6964EB7E0E4 /* [CP] Embed Pods Frameworks */ = {
			isa = PBXShellScriptBuildPhase;
			buildActionMask = 2147483647;
			files = (
			);
			inputPaths = (
			);
			name = "[CP] Embed Pods Frameworks";
			outputPaths = (
			);
			runOnlyForDeploymentPostprocessing = 0;
			shellPath = /bin/sh;
			shellScript = "\"${SRCROOT}/Pods/Target Support Files/Pods-LingoChatTests/Pods-LingoChatTests-frameworks.sh\"\n";
			showEnvVarsInLog = 0;
		};
		A9A8D00DF5B6230D1DC81243 /* [CP] Copy Pods Resources */ = {
			isa = PBXShellScriptBuildPhase;
			buildActionMask = 2147483647;
			files = (
			);
			inputPaths = (
			);
			name = "[CP] Copy Pods Resources";
			outputPaths = (
			);
			runOnlyForDeploymentPostprocessing = 0;
			shellPath = /bin/sh;
			shellScript = "\"${SRCROOT}/Pods/Target Support Files/Pods-LingoChatUITests/Pods-LingoChatUITests-resources.sh\"\n";
			showEnvVarsInLog = 0;
		};
		DDAD4F9889B5A52BEAF75905 /* [CP] Check Pods Manifest.lock */ = {
			isa = PBXShellScriptBuildPhase;
			buildActionMask = 2147483647;
			files = (
			);
			inputPaths = (
				"${PODS_PODFILE_DIR_PATH}/Podfile.lock",
				"${PODS_ROOT}/Manifest.lock",
			);
			name = "[CP] Check Pods Manifest.lock";
			outputPaths = (
				"$(DERIVED_FILE_DIR)/Pods-LingoChat-checkManifestLockResult.txt",
			);
			runOnlyForDeploymentPostprocessing = 0;
			shellPath = /bin/sh;
			shellScript = "diff \"${PODS_PODFILE_DIR_PATH}/Podfile.lock\" \"${PODS_ROOT}/Manifest.lock\" > /dev/null\nif [ $? != 0 ] ; then\n    # print error to STDERR\n    echo \"error: The sandbox is not in sync with the Podfile.lock. Run 'pod install' or update your CocoaPods installation.\" >&2\n    exit 1\nfi\n# This output is used by Xcode 'outputs' to avoid re-running this script phase.\necho \"SUCCESS\" > \"${SCRIPT_OUTPUT_FILE_0}\"\n";
			showEnvVarsInLog = 0;
		};
		E9F67F79159DC0610194C3C0 /* [CP] Embed Pods Frameworks */ = {
			isa = PBXShellScriptBuildPhase;
			buildActionMask = 2147483647;
			files = (
			);
			inputPaths = (
			);
			name = "[CP] Embed Pods Frameworks";
			outputPaths = (
			);
			runOnlyForDeploymentPostprocessing = 0;
			shellPath = /bin/sh;
			shellScript = "\"${SRCROOT}/Pods/Target Support Files/Pods-LingoChatUITests/Pods-LingoChatUITests-frameworks.sh\"\n";
			showEnvVarsInLog = 0;
		};
/* End PBXShellScriptBuildPhase section */

/* Begin PBXSourcesBuildPhase section */
		0FEA732D1FC1153F005EB6CD /* Sources */ = {
			isa = PBXSourcesBuildPhase;
			buildActionMask = 2147483647;
			files = (
				0FFCF2FC1FD9AEAE00F00A3C /* DetailViewController.swift in Sources */,
				0FFCF2FF1FD9B85D00F00A3C /* DimmingPresentationController.swift in Sources */,
				0FFCF3011FD9BFB500F00A3C /* GradientView.swift in Sources */,
				0F85075E1FC21E42000708EE /* ChatLogController.swift in Sources */,
				0F58B3BF1FC154A200CE3EF0 /* RegisterController.swift in Sources */,
				0FEA73371FC1153F005EB6CD /* LoginController.swift in Sources */,
				0FD32D731FC47B8A00542474 /* MessagesController.swift in Sources */,
				0F8507631FC24E1F000708EE /* ChatMessageCell.swift in Sources */,
				0FFCF3061FD9C24000F00A3C /* SlideOutAnimationController.swift in Sources */,
				0F9CD7491FCA9A1200F63165 /* Constants.swift in Sources */,
				0F835FBD1FC56B7800F52AD6 /* Message.swift in Sources */,
				0FFCF3041FD9C14300F00A3C /* BounceAnimationController.swift in Sources */,
				0F10544C1FC8782500EA9E42 /* LCUser.swift in Sources */,
				0F11D6D81FC1335B00933F52 /* Extensions.swift in Sources */,
				0F3C3D731FCB28C700DB180D /* UserCell.swift in Sources */,
				0F1C96801FD5DBC20099513B /* LCTranslator.swift in Sources */,
				0FEA73351FC1153F005EB6CD /* AppDelegate.swift in Sources */,
			);
			runOnlyForDeploymentPostprocessing = 0;
		};
		0FEA73411FC1153F005EB6CD /* Sources */ = {
			isa = PBXSourcesBuildPhase;
			buildActionMask = 2147483647;
			files = (
				0FEA734A1FC1153F005EB6CD /* LingoChatTests.swift in Sources */,
			);
			runOnlyForDeploymentPostprocessing = 0;
		};
		0FEA734C1FC1153F005EB6CD /* Sources */ = {
			isa = PBXSourcesBuildPhase;
			buildActionMask = 2147483647;
			files = (
				0FEA73551FC1153F005EB6CD /* LingoChatUITests.swift in Sources */,
			);
			runOnlyForDeploymentPostprocessing = 0;
		};
/* End PBXSourcesBuildPhase section */

/* Begin PBXTargetDependency section */
		0FEA73471FC1153F005EB6CD /* PBXTargetDependency */ = {
			isa = PBXTargetDependency;
			target = 0FEA73301FC1153F005EB6CD /* LingoChat */;
			targetProxy = 0FEA73461FC1153F005EB6CD /* PBXContainerItemProxy */;
		};
		0FEA73521FC1153F005EB6CD /* PBXTargetDependency */ = {
			isa = PBXTargetDependency;
			target = 0FEA73301FC1153F005EB6CD /* LingoChat */;
			targetProxy = 0FEA73511FC1153F005EB6CD /* PBXContainerItemProxy */;
		};
/* End PBXTargetDependency section */

/* Begin PBXVariantGroup section */
		0FEA73381FC1153F005EB6CD /* Main.storyboard */ = {
			isa = PBXVariantGroup;
			children = (
				0FEA73391FC1153F005EB6CD /* Base */,
			);
			name = Main.storyboard;
			sourceTree = "<group>";
		};
		0FEA733D1FC1153F005EB6CD /* LaunchScreen.storyboard */ = {
			isa = PBXVariantGroup;
			children = (
				0FEA733E1FC1153F005EB6CD /* Base */,
			);
			name = LaunchScreen.storyboard;
			sourceTree = "<group>";
		};
/* End PBXVariantGroup section */

/* Begin XCBuildConfiguration section */
		0FEA73571FC1153F005EB6CD /* Debug */ = {
			isa = XCBuildConfiguration;
			buildSettings = {
				ALWAYS_SEARCH_USER_PATHS = NO;
				CLANG_ANALYZER_NONNULL = YES;
				CLANG_ANALYZER_NUMBER_OBJECT_CONVERSION = YES_AGGRESSIVE;
				CLANG_CXX_LANGUAGE_STANDARD = "gnu++14";
				CLANG_CXX_LIBRARY = "libc++";
				CLANG_ENABLE_MODULES = YES;
				CLANG_ENABLE_OBJC_ARC = YES;
				CLANG_WARN_BLOCK_CAPTURE_AUTORELEASING = YES;
				CLANG_WARN_BOOL_CONVERSION = YES;
				CLANG_WARN_COMMA = YES;
				CLANG_WARN_CONSTANT_CONVERSION = YES;
				CLANG_WARN_DIRECT_OBJC_ISA_USAGE = YES_ERROR;
				CLANG_WARN_DOCUMENTATION_COMMENTS = YES;
				CLANG_WARN_EMPTY_BODY = YES;
				CLANG_WARN_ENUM_CONVERSION = YES;
				CLANG_WARN_INFINITE_RECURSION = YES;
				CLANG_WARN_INT_CONVERSION = YES;
				CLANG_WARN_NON_LITERAL_NULL_CONVERSION = YES;
				CLANG_WARN_OBJC_LITERAL_CONVERSION = YES;
				CLANG_WARN_OBJC_ROOT_CLASS = YES_ERROR;
				CLANG_WARN_RANGE_LOOP_ANALYSIS = YES;
				CLANG_WARN_STRICT_PROTOTYPES = YES;
				CLANG_WARN_SUSPICIOUS_MOVE = YES;
				CLANG_WARN_UNGUARDED_AVAILABILITY = YES_AGGRESSIVE;
				CLANG_WARN_UNREACHABLE_CODE = YES;
				CLANG_WARN__DUPLICATE_METHOD_MATCH = YES;
				CODE_SIGN_IDENTITY = "iPhone Developer";
				COPY_PHASE_STRIP = NO;
				DEBUG_INFORMATION_FORMAT = dwarf;
				ENABLE_STRICT_OBJC_MSGSEND = YES;
				ENABLE_TESTABILITY = YES;
				GCC_C_LANGUAGE_STANDARD = gnu11;
				GCC_DYNAMIC_NO_PIC = NO;
				GCC_NO_COMMON_BLOCKS = YES;
				GCC_OPTIMIZATION_LEVEL = 0;
				GCC_PREPROCESSOR_DEFINITIONS = (
					"DEBUG=1",
					"$(inherited)",
				);
				GCC_WARN_64_TO_32_BIT_CONVERSION = YES;
				GCC_WARN_ABOUT_RETURN_TYPE = YES_ERROR;
				GCC_WARN_UNDECLARED_SELECTOR = YES;
				GCC_WARN_UNINITIALIZED_AUTOS = YES_AGGRESSIVE;
				GCC_WARN_UNUSED_FUNCTION = YES;
				GCC_WARN_UNUSED_VARIABLE = YES;
				IPHONEOS_DEPLOYMENT_TARGET = 11.1;
				MTL_ENABLE_DEBUG_INFO = YES;
				ONLY_ACTIVE_ARCH = YES;
				SDKROOT = iphoneos;
				SWIFT_ACTIVE_COMPILATION_CONDITIONS = DEBUG;
				SWIFT_OPTIMIZATION_LEVEL = "-Onone";
			};
			name = Debug;
		};
		0FEA73581FC1153F005EB6CD /* Release */ = {
			isa = XCBuildConfiguration;
			buildSettings = {
				ALWAYS_SEARCH_USER_PATHS = NO;
				CLANG_ANALYZER_NONNULL = YES;
				CLANG_ANALYZER_NUMBER_OBJECT_CONVERSION = YES_AGGRESSIVE;
				CLANG_CXX_LANGUAGE_STANDARD = "gnu++14";
				CLANG_CXX_LIBRARY = "libc++";
				CLANG_ENABLE_MODULES = YES;
				CLANG_ENABLE_OBJC_ARC = YES;
				CLANG_WARN_BLOCK_CAPTURE_AUTORELEASING = YES;
				CLANG_WARN_BOOL_CONVERSION = YES;
				CLANG_WARN_COMMA = YES;
				CLANG_WARN_CONSTANT_CONVERSION = YES;
				CLANG_WARN_DIRECT_OBJC_ISA_USAGE = YES_ERROR;
				CLANG_WARN_DOCUMENTATION_COMMENTS = YES;
				CLANG_WARN_EMPTY_BODY = YES;
				CLANG_WARN_ENUM_CONVERSION = YES;
				CLANG_WARN_INFINITE_RECURSION = YES;
				CLANG_WARN_INT_CONVERSION = YES;
				CLANG_WARN_NON_LITERAL_NULL_CONVERSION = YES;
				CLANG_WARN_OBJC_LITERAL_CONVERSION = YES;
				CLANG_WARN_OBJC_ROOT_CLASS = YES_ERROR;
				CLANG_WARN_RANGE_LOOP_ANALYSIS = YES;
				CLANG_WARN_STRICT_PROTOTYPES = YES;
				CLANG_WARN_SUSPICIOUS_MOVE = YES;
				CLANG_WARN_UNGUARDED_AVAILABILITY = YES_AGGRESSIVE;
				CLANG_WARN_UNREACHABLE_CODE = YES;
				CLANG_WARN__DUPLICATE_METHOD_MATCH = YES;
				CODE_SIGN_IDENTITY = "iPhone Developer";
				COPY_PHASE_STRIP = NO;
				DEBUG_INFORMATION_FORMAT = "dwarf-with-dsym";
				ENABLE_NS_ASSERTIONS = NO;
				ENABLE_STRICT_OBJC_MSGSEND = YES;
				GCC_C_LANGUAGE_STANDARD = gnu11;
				GCC_NO_COMMON_BLOCKS = YES;
				GCC_WARN_64_TO_32_BIT_CONVERSION = YES;
				GCC_WARN_ABOUT_RETURN_TYPE = YES_ERROR;
				GCC_WARN_UNDECLARED_SELECTOR = YES;
				GCC_WARN_UNINITIALIZED_AUTOS = YES_AGGRESSIVE;
				GCC_WARN_UNUSED_FUNCTION = YES;
				GCC_WARN_UNUSED_VARIABLE = YES;
				IPHONEOS_DEPLOYMENT_TARGET = 11.1;
				MTL_ENABLE_DEBUG_INFO = NO;
				SDKROOT = iphoneos;
				SWIFT_OPTIMIZATION_LEVEL = "-Owholemodule";
				VALIDATE_PRODUCT = YES;
			};
			name = Release;
		};
		0FEA735A1FC1153F005EB6CD /* Debug */ = {
			isa = XCBuildConfiguration;
			baseConfigurationReference = A7B2F5DAFE972F9E66442874 /* Pods-LingoChat.debug.xcconfig */;
			buildSettings = {
				ASSETCATALOG_COMPILER_APPICON_NAME = AppIcon;
				CODE_SIGN_STYLE = Automatic;
				DEVELOPMENT_TEAM = 847623UFJR;
				FRAMEWORK_SEARCH_PATHS = (
					"$(inherited)",
					"$(PROJECT_DIR)/Carthage/Build/iOS",
				);
				INFOPLIST_FILE = LingoChat/Info.plist;
				LD_RUNPATH_SEARCH_PATHS = "$(inherited) @executable_path/Frameworks";
				PRODUCT_BUNDLE_IDENTIFIER = com.ljubinkovicd.LingoChat;
				PRODUCT_NAME = "$(TARGET_NAME)";
				SWIFT_VERSION = 4.0;
				TARGETED_DEVICE_FAMILY = "1,2";
			};
			name = Debug;
		};
		0FEA735B1FC1153F005EB6CD /* Release */ = {
			isa = XCBuildConfiguration;
			baseConfigurationReference = 30495E64AA295542667C0574 /* Pods-LingoChat.release.xcconfig */;
			buildSettings = {
				ASSETCATALOG_COMPILER_APPICON_NAME = AppIcon;
				CODE_SIGN_STYLE = Automatic;
				DEVELOPMENT_TEAM = 847623UFJR;
				FRAMEWORK_SEARCH_PATHS = (
					"$(inherited)",
					"$(PROJECT_DIR)/Carthage/Build/iOS",
				);
				INFOPLIST_FILE = LingoChat/Info.plist;
				LD_RUNPATH_SEARCH_PATHS = "$(inherited) @executable_path/Frameworks";
				PRODUCT_BUNDLE_IDENTIFIER = com.ljubinkovicd.LingoChat;
				PRODUCT_NAME = "$(TARGET_NAME)";
				SWIFT_VERSION = 4.0;
				TARGETED_DEVICE_FAMILY = "1,2";
			};
			name = Release;
		};
		0FEA735D1FC1153F005EB6CD /* Debug */ = {
			isa = XCBuildConfiguration;
			baseConfigurationReference = FA3D1C1C7F9133839306759F /* Pods-LingoChatTests.debug.xcconfig */;
			buildSettings = {
				ALWAYS_EMBED_SWIFT_STANDARD_LIBRARIES = YES;
				BUNDLE_LOADER = "$(TEST_HOST)";
				CODE_SIGN_STYLE = Automatic;
				DEVELOPMENT_TEAM = 847623UFJR;
				INFOPLIST_FILE = LingoChatTests/Info.plist;
				LD_RUNPATH_SEARCH_PATHS = "$(inherited) @executable_path/Frameworks @loader_path/Frameworks";
				PRODUCT_BUNDLE_IDENTIFIER = com.ljubinkovicd.LingoChatTests;
				PRODUCT_NAME = "$(TARGET_NAME)";
				SWIFT_VERSION = 4.0;
				TARGETED_DEVICE_FAMILY = "1,2";
				TEST_HOST = "$(BUILT_PRODUCTS_DIR)/LingoChat.app/LingoChat";
			};
			name = Debug;
		};
		0FEA735E1FC1153F005EB6CD /* Release */ = {
			isa = XCBuildConfiguration;
			baseConfigurationReference = C9A50281BDDF8764B2012D2A /* Pods-LingoChatTests.release.xcconfig */;
			buildSettings = {
				ALWAYS_EMBED_SWIFT_STANDARD_LIBRARIES = YES;
				BUNDLE_LOADER = "$(TEST_HOST)";
				CODE_SIGN_STYLE = Automatic;
				DEVELOPMENT_TEAM = 847623UFJR;
				INFOPLIST_FILE = LingoChatTests/Info.plist;
				LD_RUNPATH_SEARCH_PATHS = "$(inherited) @executable_path/Frameworks @loader_path/Frameworks";
				PRODUCT_BUNDLE_IDENTIFIER = com.ljubinkovicd.LingoChatTests;
				PRODUCT_NAME = "$(TARGET_NAME)";
				SWIFT_VERSION = 4.0;
				TARGETED_DEVICE_FAMILY = "1,2";
				TEST_HOST = "$(BUILT_PRODUCTS_DIR)/LingoChat.app/LingoChat";
			};
			name = Release;
		};
		0FEA73601FC1153F005EB6CD /* Debug */ = {
			isa = XCBuildConfiguration;
			baseConfigurationReference = 6EFD37CD854C76CB025DB273 /* Pods-LingoChatUITests.debug.xcconfig */;
			buildSettings = {
				ALWAYS_EMBED_SWIFT_STANDARD_LIBRARIES = YES;
				CODE_SIGN_STYLE = Automatic;
				DEVELOPMENT_TEAM = 847623UFJR;
				INFOPLIST_FILE = LingoChatUITests/Info.plist;
				LD_RUNPATH_SEARCH_PATHS = "$(inherited) @executable_path/Frameworks @loader_path/Frameworks";
				PRODUCT_BUNDLE_IDENTIFIER = com.ljubinkovicd.LingoChatUITests;
				PRODUCT_NAME = "$(TARGET_NAME)";
				SWIFT_VERSION = 4.0;
				TARGETED_DEVICE_FAMILY = "1,2";
				TEST_TARGET_NAME = LingoChat;
			};
			name = Debug;
		};
		0FEA73611FC1153F005EB6CD /* Release */ = {
			isa = XCBuildConfiguration;
			baseConfigurationReference = ECB1E1D913702203864399DC /* Pods-LingoChatUITests.release.xcconfig */;
			buildSettings = {
				ALWAYS_EMBED_SWIFT_STANDARD_LIBRARIES = YES;
				CODE_SIGN_STYLE = Automatic;
				DEVELOPMENT_TEAM = 847623UFJR;
				INFOPLIST_FILE = LingoChatUITests/Info.plist;
				LD_RUNPATH_SEARCH_PATHS = "$(inherited) @executable_path/Frameworks @loader_path/Frameworks";
				PRODUCT_BUNDLE_IDENTIFIER = com.ljubinkovicd.LingoChatUITests;
				PRODUCT_NAME = "$(TARGET_NAME)";
				SWIFT_VERSION = 4.0;
				TARGETED_DEVICE_FAMILY = "1,2";
				TEST_TARGET_NAME = LingoChat;
			};
			name = Release;
		};
/* End XCBuildConfiguration section */

/* Begin XCConfigurationList section */
		0FEA732C1FC1153F005EB6CD /* Build configuration list for PBXProject "LingoChat" */ = {
			isa = XCConfigurationList;
			buildConfigurations = (
				0FEA73571FC1153F005EB6CD /* Debug */,
				0FEA73581FC1153F005EB6CD /* Release */,
			);
			defaultConfigurationIsVisible = 0;
			defaultConfigurationName = Release;
		};
		0FEA73591FC1153F005EB6CD /* Build configuration list for PBXNativeTarget "LingoChat" */ = {
			isa = XCConfigurationList;
			buildConfigurations = (
				0FEA735A1FC1153F005EB6CD /* Debug */,
				0FEA735B1FC1153F005EB6CD /* Release */,
			);
			defaultConfigurationIsVisible = 0;
			defaultConfigurationName = Release;
		};
		0FEA735C1FC1153F005EB6CD /* Build configuration list for PBXNativeTarget "LingoChatTests" */ = {
			isa = XCConfigurationList;
			buildConfigurations = (
				0FEA735D1FC1153F005EB6CD /* Debug */,
				0FEA735E1FC1153F005EB6CD /* Release */,
			);
			defaultConfigurationIsVisible = 0;
			defaultConfigurationName = Release;
		};
		0FEA735F1FC1153F005EB6CD /* Build configuration list for PBXNativeTarget "LingoChatUITests" */ = {
			isa = XCConfigurationList;
			buildConfigurations = (
				0FEA73601FC1153F005EB6CD /* Debug */,
				0FEA73611FC1153F005EB6CD /* Release */,
			);
			defaultConfigurationIsVisible = 0;
			defaultConfigurationName = Release;
		};
/* End XCConfigurationList section */
	};
	rootObject = 0FEA73291FC1153F005EB6CD /* Project object */;
}
